{
	"name": "allmediadesk",
	"version": "1.0.0",
	"lockfileVersion": 2,
	"requires": true,
	"packages": {
		"": {
			"version": "1.0.0",
			"license": "ISC",
			"dependencies": {
				"babar": "^0.2.2"
			}
		},
		"node_modules/babar": {
			"version": "0.2.2",
			"resolved": "https://registry.npmjs.org/babar/-/babar-0.2.2.tgz",
			"integrity": "sha512-+NovX6/qL10ty1fGePguWMgucpTpsehOJI3z0ucAYVFIQXNXYkXEE53JIJ6b6HGLip/rM5KL/nbQsAdKDEmqLA==",
			"dependencies": {
				"colors": "~0.6.2"
			}
		},
		"node_modules/colors": {
			"version": "0.6.2",
			"resolved": "https://registry.npmjs.org/colors/-/colors-0.6.2.tgz",
			"integrity": "sha1-JCP+ZnisDF2uiFLl0OW+CMmXq8w=",
			"engines": {
				"node": ">=0.1.90"
			}
		}
	},
	"dependencies": {
		"babar": {
			"version": "0.2.2",
			"resolved": "https://registry.npmjs.org/babar/-/babar-0.2.2.tgz",
			"integrity": "sha512-+NovX6/qL10ty1fGePguWMgucpTpsehOJI3z0ucAYVFIQXNXYkXEE53JIJ6b6HGLip/rM5KL/nbQsAdKDEmqLA==",
			"requires": {
				"colors": "~0.6.2"
			}
		},
		"colors": {
			"version": "0.6.2",
			"resolved": "https://registry.npmjs.org/colors/-/colors-0.6.2.tgz",
			"integrity": "sha1-JCP+ZnisDF2uiFLl0OW+CMmXq8w="
		}
	}
}
